
Microsoft Visual Studio Solution File, Format Version 12.00
# Visual Studio Version 16
VisualStudioVersion = 16.0.29306.81
MinimumVisualStudioVersion = 10.0.40219.1
Project("{FAE04EC0-301F-11D3-BF4B-00C04F79EFBC}") = "TabuadaComFor", "TabuadaComFor\TabuadaComFor.csproj", "{8549D243-95F7-4BEB-A0B0-FF074C920C55}"
EndProject
Global
	GlobalSection(SolutionConfigurationPlatforms) = preSolution
		Debug|Any CPU = Debug|Any CPU
		Release|Any CPU = Release|Any CPU
	EndGlobalSection
	GlobalSection(ProjectConfigurationPlatforms) = postSolution
		{8549D243-95F7-4BEB-A0B0-FF074C920C55}.Debug|Any CPU.ActiveCfg = Debug|Any CPU
		{8549D243-95F7-4BEB-A0B0-FF074C920C55}.Debug|Any CPU.Build.0 = Debug|Any CPU
		{8549D243-95F7-4BEB-A0B0-FF074C920C55}.Release|Any CPU.ActiveCfg = Release|Any CPU
		{8549D243-95F7-4BEB-A0B0-FF074C920C55}.Release|Any CPU.Build.0 = Release|Any CPU
	EndGlobalSection
	GlobalSection(SolutionProperties) = preSolution
		HideSolutionNode = FALSE
	EndGlobalSection
	GlobalSection(ExtensibilityGlobals) = postSolution
		SolutionGuid = {B919A24F-2680-4BCB-9D15-0F5B76179B61}
	EndGlobalSection
EndGlobal
